
Microsoft Visual Studio Solution File, Format Version 12.00
# Visual Studio 14
VisualStudioVersion = 14.0.23107.0
MinimumVisualStudioVersion = 10.0.40219.1
Project("{E24C65DC-7377-472B-9ABA-BC803B73C61A}") = "WebSite1(1)", "..\..\WebSites\WebSite1\", "{49185F09-5C86-43A0-96DC-4DB2526DBB5F}"
	ProjectSection(WebsiteProperties) = preProject
		TargetFrameworkMoniker = ".NETFramework,Version%3Dv4.5.2"
		Debug.AspNetCompiler.VirtualPath = "/localhost_50867"
		Debug.AspNetCompiler.PhysicalPath = "..\..\WebSites\WebSite1\"
		Debug.AspNetCompiler.TargetPath = "PrecompiledWeb\localhost_50867\"
		Debug.AspNetCompiler.Updateable = "true"
		Debug.AspNetCompiler.ForceOverwrite = "true"
		Debug.AspNetCompiler.FixedNames = "false"
		Debug.AspNetCompiler.Debug = "True"
		Release.AspNetCompiler.VirtualPath = "/localhost_50867"
		Release.AspNetCompiler.PhysicalPath = "..\..\WebSites\WebSite1\"
		Release.AspNetCompiler.TargetPath = "PrecompiledWeb\localhost_50867\"
		Release.AspNetCompiler.Updateable = "true"
		Release.AspNetCompiler.ForceOverwrite = "true"
		Release.AspNetCompiler.FixedNames = "false"
		Release.AspNetCompiler.Debug = "False"
		VWDPort = "50867"
		DefaultWebSiteLanguage = "Visual C#"
	EndProjectSection
EndProject
Project("{FAE04EC0-301F-11D3-BF4B-00C04F79EFBC}") = "WebApplication1", "WebApplication1\WebApplication1.csproj", "{D785A94F-0938-4DB1-9C9F-B5D34D2C43F3}"
EndProject
Project("{FAE04EC0-301F-11D3-BF4B-00C04F79EFBC}") = "WebApplicationMVC", "WebApplicationMVC\WebApplicationMVC.csproj", "{11ACF2F5-D401-4BE3-943E-25F5C19FA332}"
EndProject
Project("{FAE04EC0-301F-11D3-BF4B-00C04F79EFBC}") = "UnitTestProject1", "UnitTestProject1\UnitTestProject1.csproj", "{1767B4E9-59D0-4D4E-99F3-7389BFED1441}"
EndProject
Project("{FAE04EC0-301F-11D3-BF4B-00C04F79EFBC}") = "Progetto1", "Progetto1\Progetto1.csproj", "{FF93994F-4143-4662-8AF7-64ED4DD8471E}"
EndProject
Project("{FAE04EC0-301F-11D3-BF4B-00C04F79EFBC}") = "TestMyCode", "TestMyCode\TestMyCode.csproj", "{E67B7162-52ED-4165-B94C-112888218E8D}"
EndProject
Project("{FAE04EC0-301F-11D3-BF4B-00C04F79EFBC}") = "IPlugin", "IPlugin\IPlugin.csproj", "{D94C2134-9DD3-4752-BFFD-738599EECF44}"
EndProject
Project("{FAE04EC0-301F-11D3-BF4B-00C04F79EFBC}") = "PluginLoader", "PluginLoader\PluginLoader.csproj", "{D375ED4C-0019-4ACA-AD73-6BCBF323D1B4}"
EndProject
Project("{FAE04EC0-301F-11D3-BF4B-00C04F79EFBC}") = "ConsoleApplication1", "ConsoleApplication1\ConsoleApplication1.csproj", "{C9DC4973-09DF-4C43-8A2D-EC8964AFB251}"
EndProject
Project("{FAE04EC0-301F-11D3-BF4B-00C04F79EFBC}") = "Plugin1", "Plugin1\Plugin1.csproj", "{191A2EB5-A0BC-496F-B011-EEFBBE4EC9D9}"
EndProject
Project("{FAE04EC0-301F-11D3-BF4B-00C04F79EFBC}") = "Plugin2", "Plugin2\Plugin2.csproj", "{D7917794-0618-4D61-AA2B-89D2AE74B580}"
EndProject
Project("{FAE04EC0-301F-11D3-BF4B-00C04F79EFBC}") = "WebApplication2", "WebApplication2\WebApplication2.csproj", "{0C742F3D-BF93-4AC5-A977-3E3F59AC11BF}"
EndProject
Project("{FAE04EC0-301F-11D3-BF4B-00C04F79EFBC}") = "WpfApplication1", "WpfApplication1\WpfApplication1.csproj", "{E43475B8-F247-4781-8974-E28D3625FEF9}"
EndProject
Project("{FAE04EC0-301F-11D3-BF4B-00C04F79EFBC}") = "ConsoleApplication2", "ConsoleApplication2\ConsoleApplication2.csproj", "{8497BEC0-67BE-445B-A15B-4E97C23313E0}"
EndProject
Global
	GlobalSection(SolutionConfigurationPlatforms) = preSolution
		Debug|Any CPU = Debug|Any CPU
		Release|Any CPU = Release|Any CPU
	EndGlobalSection
	GlobalSection(ProjectConfigurationPlatforms) = postSolution
		{49185F09-5C86-43A0-96DC-4DB2526DBB5F}.Debug|Any CPU.ActiveCfg = Debug|Any CPU
		{49185F09-5C86-43A0-96DC-4DB2526DBB5F}.Debug|Any CPU.Build.0 = Debug|Any CPU
		{49185F09-5C86-43A0-96DC-4DB2526DBB5F}.Release|Any CPU.ActiveCfg = Debug|Any CPU
		{49185F09-5C86-43A0-96DC-4DB2526DBB5F}.Release|Any CPU.Build.0 = Debug|Any CPU
		{D785A94F-0938-4DB1-9C9F-B5D34D2C43F3}.Debug|Any CPU.ActiveCfg = Debug|Any CPU
		{D785A94F-0938-4DB1-9C9F-B5D34D2C43F3}.Debug|Any CPU.Build.0 = Debug|Any CPU
		{D785A94F-0938-4DB1-9C9F-B5D34D2C43F3}.Release|Any CPU.ActiveCfg = Release|Any CPU
		{D785A94F-0938-4DB1-9C9F-B5D34D2C43F3}.Release|Any CPU.Build.0 = Release|Any CPU
		{11ACF2F5-D401-4BE3-943E-25F5C19FA332}.Debug|Any CPU.ActiveCfg = Debug|Any CPU
		{11ACF2F5-D401-4BE3-943E-25F5C19FA332}.Debug|Any CPU.Build.0 = Debug|Any CPU
		{11ACF2F5-D401-4BE3-943E-25F5C19FA332}.Release|Any CPU.ActiveCfg = Release|Any CPU
		{11ACF2F5-D401-4BE3-943E-25F5C19FA332}.Release|Any CPU.Build.0 = Release|Any CPU
		{1767B4E9-59D0-4D4E-99F3-7389BFED1441}.Debug|Any CPU.ActiveCfg = Debug|Any CPU
		{1767B4E9-59D0-4D4E-99F3-7389BFED1441}.Debug|Any CPU.Build.0 = Debug|Any CPU
		{1767B4E9-59D0-4D4E-99F3-7389BFED1441}.Release|Any CPU.ActiveCfg = Release|Any CPU
		{1767B4E9-59D0-4D4E-99F3-7389BFED1441}.Release|Any CPU.Build.0 = Release|Any CPU
		{FF93994F-4143-4662-8AF7-64ED4DD8471E}.Debug|Any CPU.ActiveCfg = Debug|Any CPU
		{FF93994F-4143-4662-8AF7-64ED4DD8471E}.Debug|Any CPU.Build.0 = Debug|Any CPU
		{FF93994F-4143-4662-8AF7-64ED4DD8471E}.Release|Any CPU.ActiveCfg = Release|Any CPU
		{FF93994F-4143-4662-8AF7-64ED4DD8471E}.Release|Any CPU.Build.0 = Release|Any CPU
		{E67B7162-52ED-4165-B94C-112888218E8D}.Debug|Any CPU.ActiveCfg = Debug|Any CPU
		{E67B7162-52ED-4165-B94C-112888218E8D}.Debug|Any CPU.Build.0 = Debug|Any CPU
		{E67B7162-52ED-4165-B94C-112888218E8D}.Release|Any CPU.ActiveCfg = Release|Any CPU
		{E67B7162-52ED-4165-B94C-112888218E8D}.Release|Any CPU.Build.0 = Release|Any CPU
		{D94C2134-9DD3-4752-BFFD-738599EECF44}.Debug|Any CPU.ActiveCfg = Debug|Any CPU
		{D94C2134-9DD3-4752-BFFD-738599EECF44}.Debug|Any CPU.Build.0 = Debug|Any CPU
		{D94C2134-9DD3-4752-BFFD-738599EECF44}.Release|Any CPU.ActiveCfg = Release|Any CPU
		{D94C2134-9DD3-4752-BFFD-738599EECF44}.Release|Any CPU.Build.0 = Release|Any CPU
		{D375ED4C-0019-4ACA-AD73-6BCBF323D1B4}.Debug|Any CPU.ActiveCfg = Debug|Any CPU
		{D375ED4C-0019-4ACA-AD73-6BCBF323D1B4}.Debug|Any CPU.Build.0 = Debug|Any CPU
		{D375ED4C-0019-4ACA-AD73-6BCBF323D1B4}.Release|Any CPU.ActiveCfg = Release|Any CPU
		{D375ED4C-0019-4ACA-AD73-6BCBF323D1B4}.Release|Any CPU.Build.0 = Release|Any CPU
		{C9DC4973-09DF-4C43-8A2D-EC8964AFB251}.Debug|Any CPU.ActiveCfg = Debug|Any CPU
		{C9DC4973-09DF-4C43-8A2D-EC8964AFB251}.Debug|Any CPU.Build.0 = Debug|Any CPU
		{C9DC4973-09DF-4C43-8A2D-EC8964AFB251}.Release|Any CPU.ActiveCfg = Release|Any CPU
		{C9DC4973-09DF-4C43-8A2D-EC8964AFB251}.Release|Any CPU.Build.0 = Release|Any CPU
		{191A2EB5-A0BC-496F-B011-EEFBBE4EC9D9}.Debug|Any CPU.ActiveCfg = Debug|Any CPU
		{191A2EB5-A0BC-496F-B011-EEFBBE4EC9D9}.Debug|Any CPU.Build.0 = Debug|Any CPU
		{191A2EB5-A0BC-496F-B011-EEFBBE4EC9D9}.Release|Any CPU.ActiveCfg = Release|Any CPU
		{191A2EB5-A0BC-496F-B011-EEFBBE4EC9D9}.Release|Any CPU.Build.0 = Release|Any CPU
		{D7917794-0618-4D61-AA2B-89D2AE74B580}.Debug|Any CPU.ActiveCfg = Debug|Any CPU
		{D7917794-0618-4D61-AA2B-89D2AE74B580}.Debug|Any CPU.Build.0 = Debug|Any CPU
		{D7917794-0618-4D61-AA2B-89D2AE74B580}.Release|Any CPU.ActiveCfg = Release|Any CPU
		{D7917794-0618-4D61-AA2B-89D2AE74B580}.Release|Any CPU.Build.0 = Release|Any CPU
		{0C742F3D-BF93-4AC5-A977-3E3F59AC11BF}.Debug|Any CPU.ActiveCfg = Debug|Any CPU
		{0C742F3D-BF93-4AC5-A977-3E3F59AC11BF}.Debug|Any CPU.Build.0 = Debug|Any CPU
		{0C742F3D-BF93-4AC5-A977-3E3F59AC11BF}.Release|Any CPU.ActiveCfg = Release|Any CPU
		{0C742F3D-BF93-4AC5-A977-3E3F59AC11BF}.Release|Any CPU.Build.0 = Release|Any CPU
		{E43475B8-F247-4781-8974-E28D3625FEF9}.Debug|Any CPU.ActiveCfg = Debug|Any CPU
		{E43475B8-F247-4781-8974-E28D3625FEF9}.Debug|Any CPU.Build.0 = Debug|Any CPU
		{E43475B8-F247-4781-8974-E28D3625FEF9}.Release|Any CPU.ActiveCfg = Release|Any CPU
		{E43475B8-F247-4781-8974-E28D3625FEF9}.Release|Any CPU.Build.0 = Release|Any CPU
		{8497BEC0-67BE-445B-A15B-4E97C23313E0}.Debug|Any CPU.ActiveCfg = Debug|Any CPU
		{8497BEC0-67BE-445B-A15B-4E97C23313E0}.Debug|Any CPU.Build.0 = Debug|Any CPU
		{8497BEC0-67BE-445B-A15B-4E97C23313E0}.Release|Any CPU.ActiveCfg = Release|Any CPU
		{8497BEC0-67BE-445B-A15B-4E97C23313E0}.Release|Any CPU.Build.0 = Release|Any CPU
	EndGlobalSection
	GlobalSection(SolutionProperties) = preSolution
		HideSolutionNode = FALSE
	EndGlobalSection
EndGlobal
